
Microsoft Visual Studio Solution File, Format Version 12.00
# Visual Studio Version 16
VisualStudioVersion = 16.0.29926.136
MinimumVisualStudioVersion = 10.0.40219.1
Project("{FAE04EC0-301F-11D3-BF4B-00C04F79EFBC}") = "HelloWorld", "HelloWorld.csproj", "{B0DA579E-8E07-4161-8A4C-97E43FF9412F}"
EndProject
Global
	GlobalSection(SolutionConfigurationPlatforms) = preSolution
		Debug|Any CPU = Debug|Any CPU
		Release|Any CPU = Release|Any CPU
	EndGlobalSection
	GlobalSection(ProjectConfigurationPlatforms) = postSolution
		{B0DA579E-8E07-4161-8A4C-97E43FF9412F}.Debug|Any CPU.ActiveCfg = Debug|Any CPU
		{B0DA579E-8E07-4161-8A4C-97E43FF9412F}.Debug|Any CPU.Build.0 = Debug|Any CPU
		{B0DA579E-8E07-4161-8A4C-97E43FF9412F}.Release|Any CPU.ActiveCfg = Release|Any CPU
		{B0DA579E-8E07-4161-8A4C-97E43FF9412F}.Release|Any CPU.Build.0 = Release|Any CPU
	EndGlobalSection
	GlobalSection(SolutionProperties) = preSolution
		HideSolutionNode = FALSE
	EndGlobalSection
	GlobalSection(ExtensibilityGlobals) = postSolution
		SolutionGuid = {C1D121EB-6196-4183-AE81-0AC1C4C0ECF6}
	EndGlobalSection
EndGlobal
